
Microsoft Visual Studio Solution File, Format Version 11.00
# Visual Studio 2010
Project("{FAE04EC0-301F-11D3-BF4B-00C04F79EFBC}") = "Assembly-CSharp", "Assembly-CSharp.csproj", "{DF748C41-6649-4AED-38A7-E5D26EF57DE3}"
EndProject
Project("{FAE04EC0-301F-11D3-BF4B-00C04F79EFBC}") = "Assembly-CSharp-firstpass", "Assembly-CSharp-firstpass.csproj", "{E16A2824-6C47-7187-2589-523FB2599928}"
EndProject
Project("{FAE04EC0-301F-11D3-BF4B-00C04F79EFBC}") = "Assembly-CSharp-Editor-firstpass", "Assembly-CSharp-Editor-firstpass.csproj", "{5E65E834-8146-1763-775B-313052145248}"
EndProject
Global
	GlobalSection(SolutionConfigurationPlatforms) = preSolution
		Debug|Any CPU = Debug|Any CPU
		Release|Any CPU = Release|Any CPU
	EndGlobalSection
	GlobalSection(ProjectConfigurationPlatforms) = postSolution
		{DF748C41-6649-4AED-38A7-E5D26EF57DE3}.Debug|Any CPU.ActiveCfg = Debug|Any CPU
		{DF748C41-6649-4AED-38A7-E5D26EF57DE3}.Debug|Any CPU.Build.0 = Debug|Any CPU
		{DF748C41-6649-4AED-38A7-E5D26EF57DE3}.Release|Any CPU.ActiveCfg = Release|Any CPU
		{DF748C41-6649-4AED-38A7-E5D26EF57DE3}.Release|Any CPU.Build.0 = Release|Any CPU
		{E16A2824-6C47-7187-2589-523FB2599928}.Debug|Any CPU.ActiveCfg = Debug|Any CPU
		{E16A2824-6C47-7187-2589-523FB2599928}.Debug|Any CPU.Build.0 = Debug|Any CPU
		{E16A2824-6C47-7187-2589-523FB2599928}.Release|Any CPU.ActiveCfg = Release|Any CPU
		{E16A2824-6C47-7187-2589-523FB2599928}.Release|Any CPU.Build.0 = Release|Any CPU
		{5E65E834-8146-1763-775B-313052145248}.Debug|Any CPU.ActiveCfg = Debug|Any CPU
		{5E65E834-8146-1763-775B-313052145248}.Debug|Any CPU.Build.0 = Debug|Any CPU
		{5E65E834-8146-1763-775B-313052145248}.Release|Any CPU.ActiveCfg = Release|Any CPU
		{5E65E834-8146-1763-775B-313052145248}.Release|Any CPU.Build.0 = Release|Any CPU
	EndGlobalSection
	GlobalSection(SolutionProperties) = preSolution
		HideSolutionNode = FALSE
	EndGlobalSection
	GlobalSection(MonoDevelopProperties) = preSolution
		StartupItem = Assembly-CSharp.csproj
	EndGlobalSection
EndGlobal
